
Microsoft Visual Studio Solution File, Format Version 12.00
# Visual Studio 2013
VisualStudioVersion = 12.0.30501.0
MinimumVisualStudioVersion = 10.0.40219.1
Project("{FAE04EC0-301F-11D3-BF4B-00C04F79EFBC}") = "DevDay.Mobile.WinPhone", "DevDay.Mobile\DevDay.Mobile.WinPhone\DevDay.Mobile.WinPhone.csproj", "{17FFE384-E7B4-4A63-A6DB-73523DB3E230}"
EndProject
Project("{FAE04EC0-301F-11D3-BF4B-00C04F79EFBC}") = "DevDay.Mobile.iOS", "DevDay.Mobile\DevDay.Mobile.iOS\DevDay.Mobile.iOS.csproj", "{6DDDCB81-5B06-4FA1-9C5F-E9AE9A213A03}"
EndProject
Project("{FAE04EC0-301F-11D3-BF4B-00C04F79EFBC}") = "DevDay.Mobile.Android", "DevDay.Mobile\DevDay.Mobile.Android\DevDay.Mobile.Android.csproj", "{1F171946-C92B-412D-930B-7718D7E69D93}"
EndProject
Project("{D954291E-2A0B-460D-934E-DC6B0785DB48}") = "DevDay.Mobile", "DevDay.Mobile\DevDay.Mobile\DevDay.Mobile.shproj", "{10333EE5-7364-45B4-B711-3FABADD850FA}"
EndProject
Global
	GlobalSection(SharedMSBuildProjectFiles) = preSolution
		DevDay.Mobile\DevDay.Mobile\DevDay.Mobile.projitems*{10333ee5-7364-45b4-b711-3fabadd850fa}*SharedItemsImports = 13
	EndGlobalSection
	GlobalSection(SolutionConfigurationPlatforms) = preSolution
		Ad-Hoc|Any CPU = Ad-Hoc|Any CPU
		Ad-Hoc|ARM = Ad-Hoc|ARM
		Ad-Hoc|iPhone = Ad-Hoc|iPhone
		Ad-Hoc|iPhoneSimulator = Ad-Hoc|iPhoneSimulator
		Ad-Hoc|Mixed Platforms = Ad-Hoc|Mixed Platforms
		Ad-Hoc|x86 = Ad-Hoc|x86
		AppStore|Any CPU = AppStore|Any CPU
		AppStore|ARM = AppStore|ARM
		AppStore|iPhone = AppStore|iPhone
		AppStore|iPhoneSimulator = AppStore|iPhoneSimulator
		AppStore|Mixed Platforms = AppStore|Mixed Platforms
		AppStore|x86 = AppStore|x86
		Debug|Any CPU = Debug|Any CPU
		Debug|ARM = Debug|ARM
		Debug|iPhone = Debug|iPhone
		Debug|iPhoneSimulator = Debug|iPhoneSimulator
		Debug|Mixed Platforms = Debug|Mixed Platforms
		Debug|x86 = Debug|x86
		Release|Any CPU = Release|Any CPU
		Release|ARM = Release|ARM
		Release|iPhone = Release|iPhone
		Release|iPhoneSimulator = Release|iPhoneSimulator
		Release|Mixed Platforms = Release|Mixed Platforms
		Release|x86 = Release|x86
	EndGlobalSection
	GlobalSection(ProjectConfigurationPlatforms) = postSolution
		{17FFE384-E7B4-4A63-A6DB-73523DB3E230}.Ad-Hoc|Any CPU.ActiveCfg = Release|Any CPU
		{17FFE384-E7B4-4A63-A6DB-73523DB3E230}.Ad-Hoc|Any CPU.Build.0 = Release|Any CPU
		{17FFE384-E7B4-4A63-A6DB-73523DB3E230}.Ad-Hoc|Any CPU.Deploy.0 = Release|Any CPU
		{17FFE384-E7B4-4A63-A6DB-73523DB3E230}.Ad-Hoc|ARM.ActiveCfg = Release|ARM
		{17FFE384-E7B4-4A63-A6DB-73523DB3E230}.Ad-Hoc|ARM.Build.0 = Release|ARM
		{17FFE384-E7B4-4A63-A6DB-73523DB3E230}.Ad-Hoc|ARM.Deploy.0 = Release|ARM
		{17FFE384-E7B4-4A63-A6DB-73523DB3E230}.Ad-Hoc|iPhone.ActiveCfg = Release|Any CPU
		{17FFE384-E7B4-4A63-A6DB-73523DB3E230}.Ad-Hoc|iPhoneSimulator.ActiveCfg = Release|Any CPU
		{17FFE384-E7B4-4A63-A6DB-73523DB3E230}.Ad-Hoc|Mixed Platforms.ActiveCfg = Release|x86
		{17FFE384-E7B4-4A63-A6DB-73523DB3E230}.Ad-Hoc|Mixed Platforms.Build.0 = Release|x86
		{17FFE384-E7B4-4A63-A6DB-73523DB3E230}.Ad-Hoc|Mixed Platforms.Deploy.0 = Release|x86
		{17FFE384-E7B4-4A63-A6DB-73523DB3E230}.Ad-Hoc|x86.ActiveCfg = Release|x86
		{17FFE384-E7B4-4A63-A6DB-73523DB3E230}.Ad-Hoc|x86.Build.0 = Release|x86
		{17FFE384-E7B4-4A63-A6DB-73523DB3E230}.Ad-Hoc|x86.Deploy.0 = Release|x86
		{17FFE384-E7B4-4A63-A6DB-73523DB3E230}.AppStore|Any CPU.ActiveCfg = Release|Any CPU
		{17FFE384-E7B4-4A63-A6DB-73523DB3E230}.AppStore|Any CPU.Build.0 = Release|Any CPU
		{17FFE384-E7B4-4A63-A6DB-73523DB3E230}.AppStore|Any CPU.Deploy.0 = Release|Any CPU
		{17FFE384-E7B4-4A63-A6DB-73523DB3E230}.AppStore|ARM.ActiveCfg = Release|ARM
		{17FFE384-E7B4-4A63-A6DB-73523DB3E230}.AppStore|ARM.Build.0 = Release|ARM
		{17FFE384-E7B4-4A63-A6DB-73523DB3E230}.AppStore|ARM.Deploy.0 = Release|ARM
		{17FFE384-E7B4-4A63-A6DB-73523DB3E230}.AppStore|iPhone.ActiveCfg = Release|Any CPU
		{17FFE384-E7B4-4A63-A6DB-73523DB3E230}.AppStore|iPhoneSimulator.ActiveCfg = Release|Any CPU
		{17FFE384-E7B4-4A63-A6DB-73523DB3E230}.AppStore|Mixed Platforms.ActiveCfg = Release|x86
		{17FFE384-E7B4-4A63-A6DB-73523DB3E230}.AppStore|Mixed Platforms.Build.0 = Release|x86
		{17FFE384-E7B4-4A63-A6DB-73523DB3E230}.AppStore|Mixed Platforms.Deploy.0 = Release|x86
		{17FFE384-E7B4-4A63-A6DB-73523DB3E230}.AppStore|x86.ActiveCfg = Release|x86
		{17FFE384-E7B4-4A63-A6DB-73523DB3E230}.AppStore|x86.Build.0 = Release|x86
		{17FFE384-E7B4-4A63-A6DB-73523DB3E230}.AppStore|x86.Deploy.0 = Release|x86
		{17FFE384-E7B4-4A63-A6DB-73523DB3E230}.Debug|Any CPU.ActiveCfg = Debug|Any CPU
		{17FFE384-E7B4-4A63-A6DB-73523DB3E230}.Debug|Any CPU.Build.0 = Debug|Any CPU
		{17FFE384-E7B4-4A63-A6DB-73523DB3E230}.Debug|Any CPU.Deploy.0 = Debug|Any CPU
		{17FFE384-E7B4-4A63-A6DB-73523DB3E230}.Debug|ARM.ActiveCfg = Debug|ARM
		{17FFE384-E7B4-4A63-A6DB-73523DB3E230}.Debug|ARM.Build.0 = Debug|ARM
		{17FFE384-E7B4-4A63-A6DB-73523DB3E230}.Debug|ARM.Deploy.0 = Debug|ARM
		{17FFE384-E7B4-4A63-A6DB-73523DB3E230}.Debug|iPhone.ActiveCfg = Debug|Any CPU
		{17FFE384-E7B4-4A63-A6DB-73523DB3E230}.Debug|iPhoneSimulator.ActiveCfg = Debug|Any CPU
		{17FFE384-E7B4-4A63-A6DB-73523DB3E230}.Debug|Mixed Platforms.ActiveCfg = Debug|x86
		{17FFE384-E7B4-4A63-A6DB-73523DB3E230}.Debug|Mixed Platforms.Build.0 = Debug|x86
		{17FFE384-E7B4-4A63-A6DB-73523DB3E230}.Debug|Mixed Platforms.Deploy.0 = Debug|x86
		{17FFE384-E7B4-4A63-A6DB-73523DB3E230}.Debug|x86.ActiveCfg = Debug|x86
		{17FFE384-E7B4-4A63-A6DB-73523DB3E230}.Debug|x86.Build.0 = Debug|x86
		{17FFE384-E7B4-4A63-A6DB-73523DB3E230}.Debug|x86.Deploy.0 = Debug|x86
		{17FFE384-E7B4-4A63-A6DB-73523DB3E230}.Release|Any CPU.ActiveCfg = Release|Any CPU
		{17FFE384-E7B4-4A63-A6DB-73523DB3E230}.Release|Any CPU.Build.0 = Release|Any CPU
		{17FFE384-E7B4-4A63-A6DB-73523DB3E230}.Release|Any CPU.Deploy.0 = Release|Any CPU
		{17FFE384-E7B4-4A63-A6DB-73523DB3E230}.Release|ARM.ActiveCfg = Release|ARM
		{17FFE384-E7B4-4A63-A6DB-73523DB3E230}.Release|ARM.Build.0 = Release|ARM
		{17FFE384-E7B4-4A63-A6DB-73523DB3E230}.Release|ARM.Deploy.0 = Release|ARM
		{17FFE384-E7B4-4A63-A6DB-73523DB3E230}.Release|iPhone.ActiveCfg = Release|Any CPU
		{17FFE384-E7B4-4A63-A6DB-73523DB3E230}.Release|iPhoneSimulator.ActiveCfg = Release|Any CPU
		{17FFE384-E7B4-4A63-A6DB-73523DB3E230}.Release|Mixed Platforms.ActiveCfg = Release|x86
		{17FFE384-E7B4-4A63-A6DB-73523DB3E230}.Release|Mixed Platforms.Build.0 = Release|x86
		{17FFE384-E7B4-4A63-A6DB-73523DB3E230}.Release|Mixed Platforms.Deploy.0 = Release|x86
		{17FFE384-E7B4-4A63-A6DB-73523DB3E230}.Release|x86.ActiveCfg = Release|x86
		{17FFE384-E7B4-4A63-A6DB-73523DB3E230}.Release|x86.Build.0 = Release|x86
		{17FFE384-E7B4-4A63-A6DB-73523DB3E230}.Release|x86.Deploy.0 = Release|x86
		{6DDDCB81-5B06-4FA1-9C5F-E9AE9A213A03}.Ad-Hoc|Any CPU.ActiveCfg = Ad-Hoc|iPhone
		{6DDDCB81-5B06-4FA1-9C5F-E9AE9A213A03}.Ad-Hoc|ARM.ActiveCfg = Ad-Hoc|iPhone
		{6DDDCB81-5B06-4FA1-9C5F-E9AE9A213A03}.Ad-Hoc|iPhone.ActiveCfg = Ad-Hoc|iPhone
		{6DDDCB81-5B06-4FA1-9C5F-E9AE9A213A03}.Ad-Hoc|iPhone.Build.0 = Ad-Hoc|iPhone
		{6DDDCB81-5B06-4FA1-9C5F-E9AE9A213A03}.Ad-Hoc|iPhone.Deploy.0 = Ad-Hoc|iPhone
		{6DDDCB81-5B06-4FA1-9C5F-E9AE9A213A03}.Ad-Hoc|iPhoneSimulator.ActiveCfg = Ad-Hoc|iPhoneSimulator
		{6DDDCB81-5B06-4FA1-9C5F-E9AE9A213A03}.Ad-Hoc|iPhoneSimulator.Build.0 = Ad-Hoc|iPhoneSimulator
		{6DDDCB81-5B06-4FA1-9C5F-E9AE9A213A03}.Ad-Hoc|iPhoneSimulator.Deploy.0 = Ad-Hoc|iPhoneSimulator
		{6DDDCB81-5B06-4FA1-9C5F-E9AE9A213A03}.Ad-Hoc|Mixed Platforms.ActiveCfg = Ad-Hoc|iPhone
		{6DDDCB81-5B06-4FA1-9C5F-E9AE9A213A03}.Ad-Hoc|Mixed Platforms.Build.0 = Ad-Hoc|iPhone
		{6DDDCB81-5B06-4FA1-9C5F-E9AE9A213A03}.Ad-Hoc|Mixed Platforms.Deploy.0 = Ad-Hoc|iPhone
		{6DDDCB81-5B06-4FA1-9C5F-E9AE9A213A03}.Ad-Hoc|x86.ActiveCfg = Ad-Hoc|iPhone
		{6DDDCB81-5B06-4FA1-9C5F-E9AE9A213A03}.AppStore|Any CPU.ActiveCfg = AppStore|iPhone
		{6DDDCB81-5B06-4FA1-9C5F-E9AE9A213A03}.AppStore|ARM.ActiveCfg = AppStore|iPhone
		{6DDDCB81-5B06-4FA1-9C5F-E9AE9A213A03}.AppStore|iPhone.ActiveCfg = AppStore|iPhone
		{6DDDCB81-5B06-4FA1-9C5F-E9AE9A213A03}.AppStore|iPhone.Build.0 = AppStore|iPhone
		{6DDDCB81-5B06-4FA1-9C5F-E9AE9A213A03}.AppStore|iPhone.Deploy.0 = AppStore|iPhone
		{6DDDCB81-5B06-4FA1-9C5F-E9AE9A213A03}.AppStore|iPhoneSimulator.ActiveCfg = AppStore|iPhoneSimulator
		{6DDDCB81-5B06-4FA1-9C5F-E9AE9A213A03}.AppStore|iPhoneSimulator.Build.0 = AppStore|iPhoneSimulator
		{6DDDCB81-5B06-4FA1-9C5F-E9AE9A213A03}.AppStore|iPhoneSimulator.Deploy.0 = AppStore|iPhoneSimulator
		{6DDDCB81-5B06-4FA1-9C5F-E9AE9A213A03}.AppStore|Mixed Platforms.ActiveCfg = AppStore|iPhone
		{6DDDCB81-5B06-4FA1-9C5F-E9AE9A213A03}.AppStore|Mixed Platforms.Build.0 = AppStore|iPhone
		{6DDDCB81-5B06-4FA1-9C5F-E9AE9A213A03}.AppStore|Mixed Platforms.Deploy.0 = AppStore|iPhone
		{6DDDCB81-5B06-4FA1-9C5F-E9AE9A213A03}.AppStore|x86.ActiveCfg = AppStore|iPhone
		{6DDDCB81-5B06-4FA1-9C5F-E9AE9A213A03}.Debug|Any CPU.ActiveCfg = Debug|iPhone
		{6DDDCB81-5B06-4FA1-9C5F-E9AE9A213A03}.Debug|ARM.ActiveCfg = Debug|iPhone
		{6DDDCB81-5B06-4FA1-9C5F-E9AE9A213A03}.Debug|iPhone.ActiveCfg = Debug|iPhone
		{6DDDCB81-5B06-4FA1-9C5F-E9AE9A213A03}.Debug|iPhone.Build.0 = Debug|iPhone
		{6DDDCB81-5B06-4FA1-9C5F-E9AE9A213A03}.Debug|iPhone.Deploy.0 = Debug|iPhone
		{6DDDCB81-5B06-4FA1-9C5F-E9AE9A213A03}.Debug|iPhoneSimulator.ActiveCfg = Debug|iPhoneSimulator
		{6DDDCB81-5B06-4FA1-9C5F-E9AE9A213A03}.Debug|iPhoneSimulator.Build.0 = Debug|iPhoneSimulator
		{6DDDCB81-5B06-4FA1-9C5F-E9AE9A213A03}.Debug|iPhoneSimulator.Deploy.0 = Debug|iPhoneSimulator
		{6DDDCB81-5B06-4FA1-9C5F-E9AE9A213A03}.Debug|Mixed Platforms.ActiveCfg = Debug|iPhone
		{6DDDCB81-5B06-4FA1-9C5F-E9AE9A213A03}.Debug|Mixed Platforms.Build.0 = Debug|iPhone
		{6DDDCB81-5B06-4FA1-9C5F-E9AE9A213A03}.Debug|Mixed Platforms.Deploy.0 = Debug|iPhone
		{6DDDCB81-5B06-4FA1-9C5F-E9AE9A213A03}.Debug|x86.ActiveCfg = Debug|iPhone
		{6DDDCB81-5B06-4FA1-9C5F-E9AE9A213A03}.Release|Any CPU.ActiveCfg = Release|iPhone
		{6DDDCB81-5B06-4FA1-9C5F-E9AE9A213A03}.Release|ARM.ActiveCfg = Release|iPhone
		{6DDDCB81-5B06-4FA1-9C5F-E9AE9A213A03}.Release|iPhone.ActiveCfg = Release|iPhone
		{6DDDCB81-5B06-4FA1-9C5F-E9AE9A213A03}.Release|iPhone.Build.0 = Release|iPhone
		{6DDDCB81-5B06-4FA1-9C5F-E9AE9A213A03}.Release|iPhone.Deploy.0 = Release|iPhone
		{6DDDCB81-5B06-4FA1-9C5F-E9AE9A213A03}.Release|iPhoneSimulator.ActiveCfg = Release|iPhoneSimulator
		{6DDDCB81-5B06-4FA1-9C5F-E9AE9A213A03}.Release|iPhoneSimulator.Build.0 = Release|iPhoneSimulator
		{6DDDCB81-5B06-4FA1-9C5F-E9AE9A213A03}.Release|iPhoneSimulator.Deploy.0 = Release|iPhoneSimulator
		{6DDDCB81-5B06-4FA1-9C5F-E9AE9A213A03}.Release|Mixed Platforms.ActiveCfg = Release|iPhone
		{6DDDCB81-5B06-4FA1-9C5F-E9AE9A213A03}.Release|Mixed Platforms.Build.0 = Release|iPhone
		{6DDDCB81-5B06-4FA1-9C5F-E9AE9A213A03}.Release|Mixed Platforms.Deploy.0 = Release|iPhone
		{6DDDCB81-5B06-4FA1-9C5F-E9AE9A213A03}.Release|x86.ActiveCfg = Release|iPhone
		{1F171946-C92B-412D-930B-7718D7E69D93}.Ad-Hoc|Any CPU.ActiveCfg = Release|Any CPU
		{1F171946-C92B-412D-930B-7718D7E69D93}.Ad-Hoc|Any CPU.Build.0 = Release|Any CPU
		{1F171946-C92B-412D-930B-7718D7E69D93}.Ad-Hoc|Any CPU.Deploy.0 = Release|Any CPU
		{1F171946-C92B-412D-930B-7718D7E69D93}.Ad-Hoc|ARM.ActiveCfg = Release|Any CPU
		{1F171946-C92B-412D-930B-7718D7E69D93}.Ad-Hoc|iPhone.ActiveCfg = Release|Any CPU
		{1F171946-C92B-412D-930B-7718D7E69D93}.Ad-Hoc|iPhoneSimulator.ActiveCfg = Release|Any CPU
		{1F171946-C92B-412D-930B-7718D7E69D93}.Ad-Hoc|Mixed Platforms.ActiveCfg = Release|Any CPU
		{1F171946-C92B-412D-930B-7718D7E69D93}.Ad-Hoc|Mixed Platforms.Build.0 = Release|Any CPU
		{1F171946-C92B-412D-930B-7718D7E69D93}.Ad-Hoc|Mixed Platforms.Deploy.0 = Release|Any CPU
		{1F171946-C92B-412D-930B-7718D7E69D93}.Ad-Hoc|x86.ActiveCfg = Release|Any CPU
		{1F171946-C92B-412D-930B-7718D7E69D93}.AppStore|Any CPU.ActiveCfg = Release|Any CPU
		{1F171946-C92B-412D-930B-7718D7E69D93}.AppStore|Any CPU.Build.0 = Release|Any CPU
		{1F171946-C92B-412D-930B-7718D7E69D93}.AppStore|Any CPU.Deploy.0 = Release|Any CPU
		{1F171946-C92B-412D-930B-7718D7E69D93}.AppStore|ARM.ActiveCfg = Release|Any CPU
		{1F171946-C92B-412D-930B-7718D7E69D93}.AppStore|iPhone.ActiveCfg = Release|Any CPU
		{1F171946-C92B-412D-930B-7718D7E69D93}.AppStore|iPhoneSimulator.ActiveCfg = Release|Any CPU
		{1F171946-C92B-412D-930B-7718D7E69D93}.AppStore|Mixed Platforms.ActiveCfg = Release|Any CPU
		{1F171946-C92B-412D-930B-7718D7E69D93}.AppStore|Mixed Platforms.Build.0 = Release|Any CPU
		{1F171946-C92B-412D-930B-7718D7E69D93}.AppStore|Mixed Platforms.Deploy.0 = Release|Any CPU
		{1F171946-C92B-412D-930B-7718D7E69D93}.AppStore|x86.ActiveCfg = Release|Any CPU
		{1F171946-C92B-412D-930B-7718D7E69D93}.Debug|Any CPU.ActiveCfg = Debug|Any CPU
		{1F171946-C92B-412D-930B-7718D7E69D93}.Debug|Any CPU.Build.0 = Debug|Any CPU
		{1F171946-C92B-412D-930B-7718D7E69D93}.Debug|Any CPU.Deploy.0 = Debug|Any CPU
		{1F171946-C92B-412D-930B-7718D7E69D93}.Debug|ARM.ActiveCfg = Debug|Any CPU
		{1F171946-C92B-412D-930B-7718D7E69D93}.Debug|iPhone.ActiveCfg = Debug|Any CPU
		{1F171946-C92B-412D-930B-7718D7E69D93}.Debug|iPhoneSimulator.ActiveCfg = Debug|Any CPU
		{1F171946-C92B-412D-930B-7718D7E69D93}.Debug|Mixed Platforms.ActiveCfg = Debug|Any CPU
		{1F171946-C92B-412D-930B-7718D7E69D93}.Debug|Mixed Platforms.Build.0 = Debug|Any CPU
		{1F171946-C92B-412D-930B-7718D7E69D93}.Debug|Mixed Platforms.Deploy.0 = Debug|Any CPU
		{1F171946-C92B-412D-930B-7718D7E69D93}.Debug|x86.ActiveCfg = Debug|Any CPU
		{1F171946-C92B-412D-930B-7718D7E69D93}.Release|Any CPU.ActiveCfg = Release|Any CPU
		{1F171946-C92B-412D-930B-7718D7E69D93}.Release|Any CPU.Build.0 = Release|Any CPU
		{1F171946-C92B-412D-930B-7718D7E69D93}.Release|Any CPU.Deploy.0 = Release|Any CPU
		{1F171946-C92B-412D-930B-7718D7E69D93}.Release|ARM.ActiveCfg = Release|Any CPU
		{1F171946-C92B-412D-930B-7718D7E69D93}.Release|iPhone.ActiveCfg = Release|Any CPU
		{1F171946-C92B-412D-930B-7718D7E69D93}.Release|iPhoneSimulator.ActiveCfg = Release|Any CPU
		{1F171946-C92B-412D-930B-7718D7E69D93}.Release|Mixed Platforms.ActiveCfg = Release|Any CPU
		{1F171946-C92B-412D-930B-7718D7E69D93}.Release|Mixed Platforms.Build.0 = Release|Any CPU
		{1F171946-C92B-412D-930B-7718D7E69D93}.Release|Mixed Platforms.Deploy.0 = Release|Any CPU
		{1F171946-C92B-412D-930B-7718D7E69D93}.Release|x86.ActiveCfg = Release|Any CPU
	EndGlobalSection
	GlobalSection(SolutionProperties) = preSolution
		HideSolutionNode = FALSE
	EndGlobalSection
EndGlobal
